
Microsoft Visual Studio Solution File, Format Version 12.00
# Visual Studio Version 17
VisualStudioVersion = 17.8.34511.84
MinimumVisualStudioVersion = 10.0.40219.1
Project("{FAE04EC0-301F-11D3-BF4B-00C04F79EFBC}") = "Atletas", "Atletas.csproj", "{3A8254AD-1F55-466B-992F-D2F6CFDA3A23}"
EndProject
Global
	GlobalSection(SolutionConfigurationPlatforms) = preSolution
		Debug|Any CPU = Debug|Any CPU
		Release|Any CPU = Release|Any CPU
	EndGlobalSection
	GlobalSection(ProjectConfigurationPlatforms) = postSolution
		{3A8254AD-1F55-466B-992F-D2F6CFDA3A23}.Debug|Any CPU.ActiveCfg = Debug|Any CPU
		{3A8254AD-1F55-466B-992F-D2F6CFDA3A23}.Debug|Any CPU.Build.0 = Debug|Any CPU
		{3A8254AD-1F55-466B-992F-D2F6CFDA3A23}.Release|Any CPU.ActiveCfg = Release|Any CPU
		{3A8254AD-1F55-466B-992F-D2F6CFDA3A23}.Release|Any CPU.Build.0 = Release|Any CPU
	EndGlobalSection
	GlobalSection(SolutionProperties) = preSolution
		HideSolutionNode = FALSE
	EndGlobalSection
	GlobalSection(ExtensibilityGlobals) = postSolution
		SolutionGuid = {6D57369B-704A-45B9-AA3D-673EB2749BF3}
	EndGlobalSection
EndGlobal
